
Microsoft Visual Studio Solution File, Format Version 12.00
# Visual Studio 2012
Project("{FAE04EC0-301F-11D3-BF4B-00C04F79EFBC}") = "ListBoxWithProgressBar", "ListBoxWithProgressBar\ListBoxWithProgressBar.csproj", "{F417B1DE-643E-491B-B9E2-34FD9DAC37BE}"
EndProject
Global
	GlobalSection(SolutionConfigurationPlatforms) = preSolution
		Debug|Any CPU = Debug|Any CPU
		Release|Any CPU = Release|Any CPU
	EndGlobalSection
	GlobalSection(ProjectConfigurationPlatforms) = postSolution
		{F417B1DE-643E-491B-B9E2-34FD9DAC37BE}.Debug|Any CPU.ActiveCfg = Debug|Any CPU
		{F417B1DE-643E-491B-B9E2-34FD9DAC37BE}.Debug|Any CPU.Build.0 = Debug|Any CPU
		{F417B1DE-643E-491B-B9E2-34FD9DAC37BE}.Release|Any CPU.ActiveCfg = Release|Any CPU
		{F417B1DE-643E-491B-B9E2-34FD9DAC37BE}.Release|Any CPU.Build.0 = Release|Any CPU
	EndGlobalSection
	GlobalSection(SolutionProperties) = preSolution
		HideSolutionNode = FALSE
	EndGlobalSection
EndGlobal
